// !$*UTF8*$!
{
	archiveVersion = 1;
	classes = {
	};
	objectVersion = 46;
	objects = {

/* Begin PBXBuildFile section */
		5B2E61461C9F953600A4E8D6 /* AppDelegate.swift in Sources */ = {isa = PBXBuildFile; fileRef = 5B2E61451C9F953600A4E8D6 /* AppDelegate.swift */; };
		5B2E61481C9F953600A4E8D6 /* AlertViewController.swift in Sources */ = {isa = PBXBuildFile; fileRef = 5B2E61471C9F953600A4E8D6 /* AlertViewController.swift */; };
		5B2E614B1C9F953600A4E8D6 /* Main.storyboard in Resources */ = {isa = PBXBuildFile; fileRef = 5B2E61491C9F953600A4E8D6 /* Main.storyboard */; };
		5B2E614D1C9F953600A4E8D6 /* Assets.xcassets in Resources */ = {isa = PBXBuildFile; fileRef = 5B2E614C1C9F953600A4E8D6 /* Assets.xcassets */; };
		5B2E61501C9F953600A4E8D6 /* LaunchScreen.storyboard in Resources */ = {isa = PBXBuildFile; fileRef = 5B2E614E1C9F953600A4E8D6 /* LaunchScreen.storyboard */; };
		5B85367F1C9FABA700FACDC0 /* poem.txt in Resources */ = {isa = PBXBuildFile; fileRef = 5B85367E1C9FABA700FACDC0 /* poem.txt */; };
		5B8536981C9FD39F00FACDC0 /* AppDelegate.swift in Sources */ = {isa = PBXBuildFile; fileRef = 5B8536971C9FD39F00FACDC0 /* AppDelegate.swift */; };
		5B85369A1C9FD39F00FACDC0 /* ACViewController.swift in Sources */ = {isa = PBXBuildFile; fileRef = 5B8536991C9FD39F00FACDC0 /* ACViewController.swift */; };
		5B85369D1C9FD39F00FACDC0 /* Main.storyboard in Resources */ = {isa = PBXBuildFile; fileRef = 5B85369B1C9FD39F00FACDC0 /* Main.storyboard */; };
		5B85369F1C9FD39F00FACDC0 /* Assets.xcassets in Resources */ = {isa = PBXBuildFile; fileRef = 5B85369E1C9FD39F00FACDC0 /* Assets.xcassets */; };
		5B8536A21C9FD39F00FACDC0 /* LaunchScreen.storyboard in Resources */ = {isa = PBXBuildFile; fileRef = 5B8536A01C9FD39F00FACDC0 /* LaunchScreen.storyboard */; };
		5B8536A81C9FE80200FACDC0 /* Login.storyboard in Resources */ = {isa = PBXBuildFile; fileRef = 5B8536A71C9FE80200FACDC0 /* Login.storyboard */; };
		5B8536AA1C9FE9CC00FACDC0 /* ACLoginViewController.swift in Sources */ = {isa = PBXBuildFile; fileRef = 5B8536A91C9FE9CC00FACDC0 /* ACLoginViewController.swift */; };
		5B8536AD1C9FEA3F00FACDC0 /* ACLoginFormViewController.swift in Sources */ = {isa = PBXBuildFile; fileRef = 5B8536AC1C9FEA3F00FACDC0 /* ACLoginFormViewController.swift */; };
		5B8536AF1C9FF8B000FACDC0 /* ACLoginHandler.swift in Sources */ = {isa = PBXBuildFile; fileRef = 5B8536AE1C9FF8B000FACDC0 /* ACLoginHandler.swift */; };
		5B8536B11CA0EB5700FACDC0 /* FileViewController.swift in Sources */ = {isa = PBXBuildFile; fileRef = 5B8536B01CA0EB5700FACDC0 /* FileViewController.swift */; };
		5B8537D01CA27FE900FACDC0 /* AppDelegate.swift in Sources */ = {isa = PBXBuildFile; fileRef = 5B8537CF1CA27FE900FACDC0 /* AppDelegate.swift */; };
		5B8537D21CA27FE900FACDC0 /* DataViewController.swift in Sources */ = {isa = PBXBuildFile; fileRef = 5B8537D11CA27FE900FACDC0 /* DataViewController.swift */; };
		5B8537D51CA27FE900FACDC0 /* Main.storyboard in Resources */ = {isa = PBXBuildFile; fileRef = 5B8537D31CA27FE900FACDC0 /* Main.storyboard */; };
		5B8537D81CA27FE900FACDC0 /* data.xcdatamodeld in Sources */ = {isa = PBXBuildFile; fileRef = 5B8537D61CA27FE900FACDC0 /* data.xcdatamodeld */; };
		5B8537DA1CA27FE900FACDC0 /* Assets.xcassets in Resources */ = {isa = PBXBuildFile; fileRef = 5B8537D91CA27FE900FACDC0 /* Assets.xcassets */; };
		5B8537DD1CA27FE900FACDC0 /* LaunchScreen.storyboard in Resources */ = {isa = PBXBuildFile; fileRef = 5B8537DB1CA27FE900FACDC0 /* LaunchScreen.storyboard */; };
		5B8537E41CA2867300FACDC0 /* Book+CoreDataProperties.swift in Sources */ = {isa = PBXBuildFile; fileRef = 5B8537E21CA2867300FACDC0 /* Book+CoreDataProperties.swift */; };
		5B8537E51CA2867300FACDC0 /* Book.swift in Sources */ = {isa = PBXBuildFile; fileRef = 5B8537E31CA2867300FACDC0 /* Book.swift */; };
		5B8537EE1CA2BFF200FACDC0 /* DataFormViewController.swift in Sources */ = {isa = PBXBuildFile; fileRef = 5B8537ED1CA2BFF200FACDC0 /* DataFormViewController.swift */; };
		5BED56CA1CA380F3003D73AD /* AppDelegate.swift in Sources */ = {isa = PBXBuildFile; fileRef = 5BED56C91CA380F3003D73AD /* AppDelegate.swift */; };
		5BED56CC1CA380F3003D73AD /* GestureViewController.swift in Sources */ = {isa = PBXBuildFile; fileRef = 5BED56CB1CA380F3003D73AD /* GestureViewController.swift */; };
		5BED56CF1CA380F3003D73AD /* Main.storyboard in Resources */ = {isa = PBXBuildFile; fileRef = 5BED56CD1CA380F3003D73AD /* Main.storyboard */; };
		5BED56D11CA380F3003D73AD /* Assets.xcassets in Resources */ = {isa = PBXBuildFile; fileRef = 5BED56D01CA380F3003D73AD /* Assets.xcassets */; };
		5BED56D41CA380F3003D73AD /* LaunchScreen.storyboard in Resources */ = {isa = PBXBuildFile; fileRef = 5BED56D21CA380F3003D73AD /* LaunchScreen.storyboard */; };
		5BED56DA1CA388B5003D73AD /* RecView.swift in Sources */ = {isa = PBXBuildFile; fileRef = 5BED56D91CA388B5003D73AD /* RecView.swift */; };
		5BFAD95A1C919F4600DA365A /* AppDelegate.swift in Sources */ = {isa = PBXBuildFile; fileRef = 5BFAD9591C919F4600DA365A /* AppDelegate.swift */; };
		5BFAD95C1C919F4600DA365A /* PoetListViewController.swift in Sources */ = {isa = PBXBuildFile; fileRef = 5BFAD95B1C919F4600DA365A /* PoetListViewController.swift */; };
		5BFAD95F1C919F4600DA365A /* Main.storyboard in Resources */ = {isa = PBXBuildFile; fileRef = 5BFAD95D1C919F4600DA365A /* Main.storyboard */; };
		5BFAD9611C919F4600DA365A /* Assets.xcassets in Resources */ = {isa = PBXBuildFile; fileRef = 5BFAD9601C919F4600DA365A /* Assets.xcassets */; };
		5BFAD9641C919F4600DA365A /* LaunchScreen.storyboard in Resources */ = {isa = PBXBuildFile; fileRef = 5BFAD9621C919F4600DA365A /* LaunchScreen.storyboard */; };
		5BFAD96C1C91A88100DA365A /* PoemListViewController.swift in Sources */ = {isa = PBXBuildFile; fileRef = 5BFAD96B1C91A88100DA365A /* PoemListViewController.swift */; };
		5BFAD96E1C91A89800DA365A /* PoemDetailViewController.swift in Sources */ = {isa = PBXBuildFile; fileRef = 5BFAD96D1C91A89800DA365A /* PoemDetailViewController.swift */; };
		5BFAD9741C91ABA400DA365A /* Poets.swift in Sources */ = {isa = PBXBuildFile; fileRef = 5BFAD9731C91ABA400DA365A /* Poets.swift */; };
		5BFAD97C1C929E1400DA365A /* AppDelegate.swift in Sources */ = {isa = PBXBuildFile; fileRef = 5BFAD97B1C929E1400DA365A /* AppDelegate.swift */; };
		5BFAD97E1C929E1400DA365A /* ViewController.swift in Sources */ = {isa = PBXBuildFile; fileRef = 5BFAD97D1C929E1400DA365A /* ViewController.swift */; };
		5BFAD9811C929E1400DA365A /* Main.storyboard in Resources */ = {isa = PBXBuildFile; fileRef = 5BFAD97F1C929E1400DA365A /* Main.storyboard */; };
		5BFAD9831C929E1400DA365A /* Assets.xcassets in Resources */ = {isa = PBXBuildFile; fileRef = 5BFAD9821C929E1400DA365A /* Assets.xcassets */; };
		5BFAD9861C929E1400DA365A /* LaunchScreen.storyboard in Resources */ = {isa = PBXBuildFile; fileRef = 5BFAD9841C929E1400DA365A /* LaunchScreen.storyboard */; };
		5BFAD98C1C929F4700DA365A /* student.swift in Sources */ = {isa = PBXBuildFile; fileRef = 5BFAD98B1C929F4700DA365A /* student.swift */; };
		5BFAD98E1C92A4F300DA365A /* DetailViewController.swift in Sources */ = {isa = PBXBuildFile; fileRef = 5BFAD98D1C92A4F300DA365A /* DetailViewController.swift */; };
		5BFAD9981C98F01B00DA365A /* AppDelegate.swift in Sources */ = {isa = PBXBuildFile; fileRef = 5BFAD9971C98F01B00DA365A /* AppDelegate.swift */; };
		5BFAD99A1C98F01B00DA365A /* ViewController.swift in Sources */ = {isa = PBXBuildFile; fileRef = 5BFAD9991C98F01B00DA365A /* ViewController.swift */; };
		5BFAD99D1C98F01B00DA365A /* Main.storyboard in Resources */ = {isa = PBXBuildFile; fileRef = 5BFAD99B1C98F01B00DA365A /* Main.storyboard */; };
		5BFAD99F1C98F01B00DA365A /* Assets.xcassets in Resources */ = {isa = PBXBuildFile; fileRef = 5BFAD99E1C98F01B00DA365A /* Assets.xcassets */; };
		5BFAD9A21C98F01B00DA365A /* LaunchScreen.storyboard in Resources */ = {isa = PBXBuildFile; fileRef = 5BFAD9A01C98F01B00DA365A /* LaunchScreen.storyboard */; };
		5BFAD9F81C9AE07500DA365A /* AppDelegate.swift in Sources */ = {isa = PBXBuildFile; fileRef = 5BFAD9F71C9AE07500DA365A /* AppDelegate.swift */; };
		5BFAD9FA1C9AE07500DA365A /* BtnViewController.swift in Sources */ = {isa = PBXBuildFile; fileRef = 5BFAD9F91C9AE07500DA365A /* BtnViewController.swift */; };
		5BFAD9FD1C9AE07500DA365A /* Main.storyboard in Resources */ = {isa = PBXBuildFile; fileRef = 5BFAD9FB1C9AE07500DA365A /* Main.storyboard */; };
		5BFAD9FF1C9AE07500DA365A /* Assets.xcassets in Resources */ = {isa = PBXBuildFile; fileRef = 5BFAD9FE1C9AE07500DA365A /* Assets.xcassets */; };
		5BFADA021C9AE07500DA365A /* LaunchScreen.storyboard in Resources */ = {isa = PBXBuildFile; fileRef = 5BFADA001C9AE07500DA365A /* LaunchScreen.storyboard */; };
		5BFADA0E1C9AE77400DA365A /* AppDelegate.swift in Sources */ = {isa = PBXBuildFile; fileRef = 5BFADA0D1C9AE77400DA365A /* AppDelegate.swift */; };
		5BFADA101C9AE77400DA365A /* Nav1ViewController.swift in Sources */ = {isa = PBXBuildFile; fileRef = 5BFADA0F1C9AE77400DA365A /* Nav1ViewController.swift */; };
		5BFADA131C9AE77400DA365A /* Main.storyboard in Resources */ = {isa = PBXBuildFile; fileRef = 5BFADA111C9AE77400DA365A /* Main.storyboard */; };
		5BFADA151C9AE77400DA365A /* Assets.xcassets in Resources */ = {isa = PBXBuildFile; fileRef = 5BFADA141C9AE77400DA365A /* Assets.xcassets */; };
		5BFADA181C9AE77400DA365A /* LaunchScreen.storyboard in Resources */ = {isa = PBXBuildFile; fileRef = 5BFADA161C9AE77400DA365A /* LaunchScreen.storyboard */; };
		5BFADA1E1C9AE80F00DA365A /* Nav2ViewController.swift in Sources */ = {isa = PBXBuildFile; fileRef = 5BFADA1D1C9AE80F00DA365A /* Nav2ViewController.swift */; };
		5BFADA201C9AE82300DA365A /* Nav3ViewController.swift in Sources */ = {isa = PBXBuildFile; fileRef = 5BFADA1F1C9AE82300DA365A /* Nav3ViewController.swift */; };
		5BFADA281C9B944B00DA365A /* AppDelegate.swift in Sources */ = {isa = PBXBuildFile; fileRef = 5BFADA271C9B944B00DA365A /* AppDelegate.swift */; };
		5BFADA2A1C9B944B00DA365A /* BookViewController.swift in Sources */ = {isa = PBXBuildFile; fileRef = 5BFADA291C9B944B00DA365A /* BookViewController.swift */; };
		5BFADA2D1C9B944B00DA365A /* Main.storyboard in Resources */ = {isa = PBXBuildFile; fileRef = 5BFADA2B1C9B944B00DA365A /* Main.storyboard */; };
		5BFADA2F1C9B944B00DA365A /* Assets.xcassets in Resources */ = {isa = PBXBuildFile; fileRef = 5BFADA2E1C9B944B00DA365A /* Assets.xcassets */; };
		5BFADA321C9B944B00DA365A /* LaunchScreen.storyboard in Resources */ = {isa = PBXBuildFile; fileRef = 5BFADA301C9B944B00DA365A /* LaunchScreen.storyboard */; };
/* End PBXBuildFile section */

/* Begin PBXFileReference section */
		5B2E61431C9F953600A4E8D6 /* alert.app */ = {isa = PBXFileReference; explicitFileType = wrapper.application; includeInIndex = 0; path = alert.app; sourceTree = BUILT_PRODUCTS_DIR; };
		5B2E61451C9F953600A4E8D6 /* AppDelegate.swift */ = {isa = PBXFileReference; lastKnownFileType = sourcecode.swift; path = AppDelegate.swift; sourceTree = "<group>"; };
		5B2E61471C9F953600A4E8D6 /* AlertViewController.swift */ = {isa = PBXFileReference; lastKnownFileType = sourcecode.swift; path = AlertViewController.swift; sourceTree = "<group>"; };
		5B2E614A1C9F953600A4E8D6 /* Base */ = {isa = PBXFileReference; lastKnownFileType = file.storyboard; name = Base; path = Base.lproj/Main.storyboard; sourceTree = "<group>"; };
		5B2E614C1C9F953600A4E8D6 /* Assets.xcassets */ = {isa = PBXFileReference; lastKnownFileType = folder.assetcatalog; path = Assets.xcassets; sourceTree = "<group>"; };
		5B2E614F1C9F953600A4E8D6 /* Base */ = {isa = PBXFileReference; lastKnownFileType = file.storyboard; name = Base; path = Base.lproj/LaunchScreen.storyboard; sourceTree = "<group>"; };
		5B2E61511C9F953600A4E8D6 /* Info.plist */ = {isa = PBXFileReference; lastKnownFileType = text.plist.xml; path = Info.plist; sourceTree = "<group>"; };
		5B85367E1C9FABA700FACDC0 /* poem.txt */ = {isa = PBXFileReference; fileEncoding = 4; lastKnownFileType = text; path = poem.txt; sourceTree = "<group>"; };
		5B8536951C9FD39F00FACDC0 /* alphacamp.app */ = {isa = PBXFileReference; explicitFileType = wrapper.application; includeInIndex = 0; path = alphacamp.app; sourceTree = BUILT_PRODUCTS_DIR; };
		5B8536971C9FD39F00FACDC0 /* AppDelegate.swift */ = {isa = PBXFileReference; lastKnownFileType = sourcecode.swift; path = AppDelegate.swift; sourceTree = "<group>"; };
		5B8536991C9FD39F00FACDC0 /* ACViewController.swift */ = {isa = PBXFileReference; lastKnownFileType = sourcecode.swift; path = ACViewController.swift; sourceTree = "<group>"; };
		5B85369C1C9FD39F00FACDC0 /* Base */ = {isa = PBXFileReference; lastKnownFileType = file.storyboard; name = Base; path = Base.lproj/Main.storyboard; sourceTree = "<group>"; };
		5B85369E1C9FD39F00FACDC0 /* Assets.xcassets */ = {isa = PBXFileReference; lastKnownFileType = folder.assetcatalog; path = Assets.xcassets; sourceTree = "<group>"; };
		5B8536A11C9FD39F00FACDC0 /* Base */ = {isa = PBXFileReference; lastKnownFileType = file.storyboard; name = Base; path = Base.lproj/LaunchScreen.storyboard; sourceTree = "<group>"; };
		5B8536A31C9FD39F00FACDC0 /* Info.plist */ = {isa = PBXFileReference; lastKnownFileType = text.plist.xml; path = Info.plist; sourceTree = "<group>"; };
		5B8536A71C9FE80200FACDC0 /* Login.storyboard */ = {isa = PBXFileReference; fileEncoding = 4; lastKnownFileType = file.storyboard; path = Login.storyboard; sourceTree = "<group>"; };
		5B8536A91C9FE9CC00FACDC0 /* ACLoginViewController.swift */ = {isa = PBXFileReference; fileEncoding = 4; lastKnownFileType = sourcecode.swift; path = ACLoginViewController.swift; sourceTree = "<group>"; };
		5B8536AC1C9FEA3F00FACDC0 /* ACLoginFormViewController.swift */ = {isa = PBXFileReference; fileEncoding = 4; lastKnownFileType = sourcecode.swift; path = ACLoginFormViewController.swift; sourceTree = "<group>"; };
		5B8536AE1C9FF8B000FACDC0 /* ACLoginHandler.swift */ = {isa = PBXFileReference; fileEncoding = 4; lastKnownFileType = sourcecode.swift; path = ACLoginHandler.swift; sourceTree = "<group>"; };
		5B8536B01CA0EB5700FACDC0 /* FileViewController.swift */ = {isa = PBXFileReference; fileEncoding = 4; lastKnownFileType = sourcecode.swift; path = FileViewController.swift; sourceTree = "<group>"; };
		5B8537CD1CA27FE900FACDC0 /* data.app */ = {isa = PBXFileReference; explicitFileType = wrapper.application; includeInIndex = 0; path = data.app; sourceTree = BUILT_PRODUCTS_DIR; };
		5B8537CF1CA27FE900FACDC0 /* AppDelegate.swift */ = {isa = PBXFileReference; lastKnownFileType = sourcecode.swift; path = AppDelegate.swift; sourceTree = "<group>"; };
		5B8537D11CA27FE900FACDC0 /* DataViewController.swift */ = {isa = PBXFileReference; lastKnownFileType = sourcecode.swift; path = DataViewController.swift; sourceTree = "<group>"; };
		5B8537D41CA27FE900FACDC0 /* Base */ = {isa = PBXFileReference; lastKnownFileType = file.storyboard; name = Base; path = Base.lproj/Main.storyboard; sourceTree = "<group>"; };
		5B8537D71CA27FE900FACDC0 /* data.xcdatamodel */ = {isa = PBXFileReference; lastKnownFileType = wrapper.xcdatamodel; path = data.xcdatamodel; sourceTree = "<group>"; };
		5B8537D91CA27FE900FACDC0 /* Assets.xcassets */ = {isa = PBXFileReference; lastKnownFileType = folder.assetcatalog; path = Assets.xcassets; sourceTree = "<group>"; };
		5B8537DC1CA27FE900FACDC0 /* Base */ = {isa = PBXFileReference; lastKnownFileType = file.storyboard; name = Base; path = Base.lproj/LaunchScreen.storyboard; sourceTree = "<group>"; };
		5B8537DE1CA27FE900FACDC0 /* Info.plist */ = {isa = PBXFileReference; lastKnownFileType = text.plist.xml; path = Info.plist; sourceTree = "<group>"; };
		5B8537E21CA2867300FACDC0 /* Book+CoreDataProperties.swift */ = {isa = PBXFileReference; fileEncoding = 4; lastKnownFileType = sourcecode.swift; path = "Book+CoreDataProperties.swift"; sourceTree = "<group>"; };
		5B8537E31CA2867300FACDC0 /* Book.swift */ = {isa = PBXFileReference; fileEncoding = 4; lastKnownFileType = sourcecode.swift; path = Book.swift; sourceTree = "<group>"; };
		5B8537ED1CA2BFF200FACDC0 /* DataFormViewController.swift */ = {isa = PBXFileReference; fileEncoding = 4; lastKnownFileType = sourcecode.swift; path = DataFormViewController.swift; sourceTree = "<group>"; };
		5BED56C71CA380F3003D73AD /* gesture.app */ = {isa = PBXFileReference; explicitFileType = wrapper.application; includeInIndex = 0; path = gesture.app; sourceTree = BUILT_PRODUCTS_DIR; };
		5BED56C91CA380F3003D73AD /* AppDelegate.swift */ = {isa = PBXFileReference; lastKnownFileType = sourcecode.swift; path = AppDelegate.swift; sourceTree = "<group>"; };
		5BED56CB1CA380F3003D73AD /* GestureViewController.swift */ = {isa = PBXFileReference; lastKnownFileType = sourcecode.swift; path = GestureViewController.swift; sourceTree = "<group>"; };
		5BED56CE1CA380F3003D73AD /* Base */ = {isa = PBXFileReference; lastKnownFileType = file.storyboard; name = Base; path = Base.lproj/Main.storyboard; sourceTree = "<group>"; };
		5BED56D01CA380F3003D73AD /* Assets.xcassets */ = {isa = PBXFileReference; lastKnownFileType = folder.assetcatalog; path = Assets.xcassets; sourceTree = "<group>"; };
		5BED56D31CA380F3003D73AD /* Base */ = {isa = PBXFileReference; lastKnownFileType = file.storyboard; name = Base; path = Base.lproj/LaunchScreen.storyboard; sourceTree = "<group>"; };
		5BED56D51CA380F3003D73AD /* Info.plist */ = {isa = PBXFileReference; lastKnownFileType = text.plist.xml; path = Info.plist; sourceTree = "<group>"; };
		5BED56D91CA388B5003D73AD /* RecView.swift */ = {isa = PBXFileReference; fileEncoding = 4; lastKnownFileType = sourcecode.swift; path = RecView.swift; sourceTree = "<group>"; };
		5BFAD9561C919F4600DA365A /* poems.app */ = {isa = PBXFileReference; explicitFileType = wrapper.application; includeInIndex = 0; path = poems.app; sourceTree = BUILT_PRODUCTS_DIR; };
		5BFAD9591C919F4600DA365A /* AppDelegate.swift */ = {isa = PBXFileReference; lastKnownFileType = sourcecode.swift; path = AppDelegate.swift; sourceTree = "<group>"; };
		5BFAD95B1C919F4600DA365A /* PoetListViewController.swift */ = {isa = PBXFileReference; lastKnownFileType = sourcecode.swift; path = PoetListViewController.swift; sourceTree = "<group>"; };
		5BFAD95E1C919F4600DA365A /* Base */ = {isa = PBXFileReference; lastKnownFileType = file.storyboard; name = Base; path = Base.lproj/Main.storyboard; sourceTree = "<group>"; };
		5BFAD9601C919F4600DA365A /* Assets.xcassets */ = {isa = PBXFileReference; lastKnownFileType = folder.assetcatalog; path = Assets.xcassets; sourceTree = "<group>"; };
		5BFAD9631C919F4600DA365A /* Base */ = {isa = PBXFileReference; lastKnownFileType = file.storyboard; name = Base; path = Base.lproj/LaunchScreen.storyboard; sourceTree = "<group>"; };
		5BFAD9651C919F4600DA365A /* Info.plist */ = {isa = PBXFileReference; lastKnownFileType = text.plist.xml; path = Info.plist; sourceTree = "<group>"; };
		5BFAD96B1C91A88100DA365A /* PoemListViewController.swift */ = {isa = PBXFileReference; fileEncoding = 4; lastKnownFileType = sourcecode.swift; path = PoemListViewController.swift; sourceTree = "<group>"; };
		5BFAD96D1C91A89800DA365A /* PoemDetailViewController.swift */ = {isa = PBXFileReference; fileEncoding = 4; lastKnownFileType = sourcecode.swift; path = PoemDetailViewController.swift; sourceTree = "<group>"; };
		5BFAD9731C91ABA400DA365A /* Poets.swift */ = {isa = PBXFileReference; fileEncoding = 4; lastKnownFileType = sourcecode.swift; path = Poets.swift; sourceTree = "<group>"; };
		5BFAD9791C929E1400DA365A /* students.app */ = {isa = PBXFileReference; explicitFileType = wrapper.application; includeInIndex = 0; path = students.app; sourceTree = BUILT_PRODUCTS_DIR; };
		5BFAD97B1C929E1400DA365A /* AppDelegate.swift */ = {isa = PBXFileReference; lastKnownFileType = sourcecode.swift; path = AppDelegate.swift; sourceTree = "<group>"; };
		5BFAD97D1C929E1400DA365A /* ViewController.swift */ = {isa = PBXFileReference; lastKnownFileType = sourcecode.swift; path = ViewController.swift; sourceTree = "<group>"; };
		5BFAD9801C929E1400DA365A /* Base */ = {isa = PBXFileReference; lastKnownFileType = file.storyboard; name = Base; path = Base.lproj/Main.storyboard; sourceTree = "<group>"; };
		5BFAD9821C929E1400DA365A /* Assets.xcassets */ = {isa = PBXFileReference; lastKnownFileType = folder.assetcatalog; path = Assets.xcassets; sourceTree = "<group>"; };
		5BFAD9851C929E1400DA365A /* Base */ = {isa = PBXFileReference; lastKnownFileType = file.storyboard; name = Base; path = Base.lproj/LaunchScreen.storyboard; sourceTree = "<group>"; };
		5BFAD9871C929E1400DA365A /* Info.plist */ = {isa = PBXFileReference; lastKnownFileType = text.plist.xml; path = Info.plist; sourceTree = "<group>"; };
		5BFAD98B1C929F4700DA365A /* student.swift */ = {isa = PBXFileReference; fileEncoding = 4; lastKnownFileType = sourcecode.swift; path = student.swift; sourceTree = "<group>"; };
		5BFAD98D1C92A4F300DA365A /* DetailViewController.swift */ = {isa = PBXFileReference; fileEncoding = 4; lastKnownFileType = sourcecode.swift; path = DetailViewController.swift; sourceTree = "<group>"; };
		5BFAD9951C98F01B00DA365A /* autolayout.app */ = {isa = PBXFileReference; explicitFileType = wrapper.application; includeInIndex = 0; path = autolayout.app; sourceTree = BUILT_PRODUCTS_DIR; };
		5BFAD9971C98F01B00DA365A /* AppDelegate.swift */ = {isa = PBXFileReference; lastKnownFileType = sourcecode.swift; path = AppDelegate.swift; sourceTree = "<group>"; };
		5BFAD9991C98F01B00DA365A /* ViewController.swift */ = {isa = PBXFileReference; lastKnownFileType = sourcecode.swift; path = ViewController.swift; sourceTree = "<group>"; };
		5BFAD99C1C98F01B00DA365A /* Base */ = {isa = PBXFileReference; lastKnownFileType = file.storyboard; name = Base; path = Base.lproj/Main.storyboard; sourceTree = "<group>"; };
		5BFAD99E1C98F01B00DA365A /* Assets.xcassets */ = {isa = PBXFileReference; lastKnownFileType = folder.assetcatalog; path = Assets.xcassets; sourceTree = "<group>"; };
		5BFAD9A11C98F01B00DA365A /* Base */ = {isa = PBXFileReference; lastKnownFileType = file.storyboard; name = Base; path = Base.lproj/LaunchScreen.storyboard; sourceTree = "<group>"; };
		5BFAD9A31C98F01B00DA365A /* Info.plist */ = {isa = PBXFileReference; lastKnownFileType = text.plist.xml; path = Info.plist; sourceTree = "<group>"; };
		5BFAD9F51C9AE07500DA365A /* button.app */ = {isa = PBXFileReference; explicitFileType = wrapper.application; includeInIndex = 0; path = button.app; sourceTree = BUILT_PRODUCTS_DIR; };
		5BFAD9F71C9AE07500DA365A /* AppDelegate.swift */ = {isa = PBXFileReference; lastKnownFileType = sourcecode.swift; path = AppDelegate.swift; sourceTree = "<group>"; };
		5BFAD9F91C9AE07500DA365A /* BtnViewController.swift */ = {isa = PBXFileReference; lastKnownFileType = sourcecode.swift; path = BtnViewController.swift; sourceTree = "<group>"; };
		5BFAD9FC1C9AE07500DA365A /* Base */ = {isa = PBXFileReference; lastKnownFileType = file.storyboard; name = Base; path = Base.lproj/Main.storyboard; sourceTree = "<group>"; };
		5BFAD9FE1C9AE07500DA365A /* Assets.xcassets */ = {isa = PBXFileReference; lastKnownFileType = folder.assetcatalog; path = Assets.xcassets; sourceTree = "<group>"; };
		5BFADA011C9AE07500DA365A /* Base */ = {isa = PBXFileReference; lastKnownFileType = file.storyboard; name = Base; path = Base.lproj/LaunchScreen.storyboard; sourceTree = "<group>"; };
		5BFADA031C9AE07500DA365A /* Info.plist */ = {isa = PBXFileReference; lastKnownFileType = text.plist.xml; path = Info.plist; sourceTree = "<group>"; };
		5BFADA0B1C9AE77400DA365A /* navigation.app */ = {isa = PBXFileReference; explicitFileType = wrapper.application; includeInIndex = 0; path = navigation.app; sourceTree = BUILT_PRODUCTS_DIR; };
		5BFADA0D1C9AE77400DA365A /* AppDelegate.swift */ = {isa = PBXFileReference; lastKnownFileType = sourcecode.swift; path = AppDelegate.swift; sourceTree = "<group>"; };
		5BFADA0F1C9AE77400DA365A /* Nav1ViewController.swift */ = {isa = PBXFileReference; lastKnownFileType = sourcecode.swift; path = Nav1ViewController.swift; sourceTree = "<group>"; };
		5BFADA121C9AE77400DA365A /* Base */ = {isa = PBXFileReference; lastKnownFileType = file.storyboard; name = Base; path = Base.lproj/Main.storyboard; sourceTree = "<group>"; };
		5BFADA141C9AE77400DA365A /* Assets.xcassets */ = {isa = PBXFileReference; lastKnownFileType = folder.assetcatalog; path = Assets.xcassets; sourceTree = "<group>"; };
		5BFADA171C9AE77400DA365A /* Base */ = {isa = PBXFileReference; lastKnownFileType = file.storyboard; name = Base; path = Base.lproj/LaunchScreen.storyboard; sourceTree = "<group>"; };
		5BFADA191C9AE77400DA365A /* Info.plist */ = {isa = PBXFileReference; lastKnownFileType = text.plist.xml; path = Info.plist; sourceTree = "<group>"; };
		5BFADA1D1C9AE80F00DA365A /* Nav2ViewController.swift */ = {isa = PBXFileReference; fileEncoding = 4; lastKnownFileType = sourcecode.swift; path = Nav2ViewController.swift; sourceTree = "<group>"; };
		5BFADA1F1C9AE82300DA365A /* Nav3ViewController.swift */ = {isa = PBXFileReference; fileEncoding = 4; lastKnownFileType = sourcecode.swift; path = Nav3ViewController.swift; sourceTree = "<group>"; };
		5BFADA251C9B944A00DA365A /* ebook.app */ = {isa = PBXFileReference; explicitFileType = wrapper.application; includeInIndex = 0; path = ebook.app; sourceTree = BUILT_PRODUCTS_DIR; };
		5BFADA271C9B944B00DA365A /* AppDelegate.swift */ = {isa = PBXFileReference; lastKnownFileType = sourcecode.swift; path = AppDelegate.swift; sourceTree = "<group>"; };
		5BFADA291C9B944B00DA365A /* BookViewController.swift */ = {isa = PBXFileReference; lastKnownFileType = sourcecode.swift; path = BookViewController.swift; sourceTree = "<group>"; };
		5BFADA2C1C9B944B00DA365A /* Base */ = {isa = PBXFileReference; lastKnownFileType = file.storyboard; name = Base; path = Base.lproj/Main.storyboard; sourceTree = "<group>"; };
		5BFADA2E1C9B944B00DA365A /* Assets.xcassets */ = {isa = PBXFileReference; lastKnownFileType = folder.assetcatalog; path = Assets.xcassets; sourceTree = "<group>"; };
		5BFADA311C9B944B00DA365A /* Base */ = {isa = PBXFileReference; lastKnownFileType = file.storyboard; name = Base; path = Base.lproj/LaunchScreen.storyboard; sourceTree = "<group>"; };
		5BFADA331C9B944B00DA365A /* Info.plist */ = {isa = PBXFileReference; lastKnownFileType = text.plist.xml; path = Info.plist; sourceTree = "<group>"; };
/* End PBXFileReference section */

/* Begin PBXFrameworksBuildPhase section */
		5B2E61401C9F953600A4E8D6 /* Frameworks */ = {
			isa = PBXFrameworksBuildPhase;
			buildActionMask = 2147483647;
			files = (
			);
			runOnlyForDeploymentPostprocessing = 0;
		};
		5B8536921C9FD39F00FACDC0 /* Frameworks */ = {
			isa = PBXFrameworksBuildPhase;
			buildActionMask = 2147483647;
			files = (
			);
			runOnlyForDeploymentPostprocessing = 0;
		};
		5B8537CA1CA27FE900FACDC0 /* Frameworks */ = {
			isa = PBXFrameworksBuildPhase;
			buildActionMask = 2147483647;
			files = (
			);
			runOnlyForDeploymentPostprocessing = 0;
		};
		5BED56C41CA380F3003D73AD /* Frameworks */ = {
			isa = PBXFrameworksBuildPhase;
			buildActionMask = 2147483647;
			files = (
			);
			runOnlyForDeploymentPostprocessing = 0;
		};
		5BFAD9531C919F4600DA365A /* Frameworks */ = {
			isa = PBXFrameworksBuildPhase;
			buildActionMask = 2147483647;
			files = (
			);
			runOnlyForDeploymentPostprocessing = 0;
		};
		5BFAD9761C929E1400DA365A /* Frameworks */ = {
			isa = PBXFrameworksBuildPhase;
			buildActionMask = 2147483647;
			files = (
			);
			runOnlyForDeploymentPostprocessing = 0;
		};
		5BFAD9921C98F01B00DA365A /* Frameworks */ = {
			isa = PBXFrameworksBuildPhase;
			buildActionMask = 2147483647;
			files = (
			);
			runOnlyForDeploymentPostprocessing = 0;
		};
		5BFAD9F21C9AE07500DA365A /* Frameworks */ = {
			isa = PBXFrameworksBuildPhase;
			buildActionMask = 2147483647;
			files = (
			);
			runOnlyForDeploymentPostprocessing = 0;
		};
		5BFADA081C9AE77400DA365A /* Frameworks */ = {
			isa = PBXFrameworksBuildPhase;
			buildActionMask = 2147483647;
			files = (
			);
			runOnlyForDeploymentPostprocessing = 0;
		};
		5BFADA221C9B944A00DA365A /* Frameworks */ = {
			isa = PBXFrameworksBuildPhase;
			buildActionMask = 2147483647;
			files = (
			);
			runOnlyForDeploymentPostprocessing = 0;
		};
/* End PBXFrameworksBuildPhase section */

/* Begin PBXGroup section */
		5B2E61441C9F953600A4E8D6 /* alert */ = {
			isa = PBXGroup;
			children = (
				5B2E61451C9F953600A4E8D6 /* AppDelegate.swift */,
				5B2E61471C9F953600A4E8D6 /* AlertViewController.swift */,
				5B8536B01CA0EB5700FACDC0 /* FileViewController.swift */,
				5B2E61491C9F953600A4E8D6 /* Main.storyboard */,
				5B2E614C1C9F953600A4E8D6 /* Assets.xcassets */,
				5B2E614E1C9F953600A4E8D6 /* LaunchScreen.storyboard */,
				5B2E61511C9F953600A4E8D6 /* Info.plist */,
				5B85367E1C9FABA700FACDC0 /* poem.txt */,
			);
			path = alert;
			sourceTree = "<group>";
		};
		5B8536961C9FD39F00FACDC0 /* alphacamp */ = {
			isa = PBXGroup;
			children = (
				5B8536AB1C9FE9E200FACDC0 /* login */,
				5B8536971C9FD39F00FACDC0 /* AppDelegate.swift */,
				5B8536991C9FD39F00FACDC0 /* ACViewController.swift */,
				5B85369B1C9FD39F00FACDC0 /* Main.storyboard */,
				5B85369E1C9FD39F00FACDC0 /* Assets.xcassets */,
				5B8536A01C9FD39F00FACDC0 /* LaunchScreen.storyboard */,
				5B8536A31C9FD39F00FACDC0 /* Info.plist */,
			);
			path = alphacamp;
			sourceTree = "<group>";
		};
		5B8536AB1C9FE9E200FACDC0 /* login */ = {
			isa = PBXGroup;
			children = (
				5B8536AE1C9FF8B000FACDC0 /* ACLoginHandler.swift */,
				5B8536A91C9FE9CC00FACDC0 /* ACLoginViewController.swift */,
				5B8536AC1C9FEA3F00FACDC0 /* ACLoginFormViewController.swift */,
				5B8536A71C9FE80200FACDC0 /* Login.storyboard */,
			);
			name = login;
			sourceTree = "<group>";
		};
		5B8537CE1CA27FE900FACDC0 /* data */ = {
			isa = PBXGroup;
			children = (
				5B8537CF1CA27FE900FACDC0 /* AppDelegate.swift */,
				5B8537D11CA27FE900FACDC0 /* DataViewController.swift */,
				5B8537ED1CA2BFF200FACDC0 /* DataFormViewController.swift */,
				5B8537D31CA27FE900FACDC0 /* Main.storyboard */,
				5B8537D91CA27FE900FACDC0 /* Assets.xcassets */,
				5B8537DB1CA27FE900FACDC0 /* LaunchScreen.storyboard */,
				5B8537DE1CA27FE900FACDC0 /* Info.plist */,
				5B8537D61CA27FE900FACDC0 /* data.xcdatamodeld */,
				5B8537E21CA2867300FACDC0 /* Book+CoreDataProperties.swift */,
				5B8537E31CA2867300FACDC0 /* Book.swift */,
			);
			path = data;
			sourceTree = "<group>";
		};
		5BED56C81CA380F3003D73AD /* gesture */ = {
			isa = PBXGroup;
			children = (
				5BED56C91CA380F3003D73AD /* AppDelegate.swift */,
				5BED56CB1CA380F3003D73AD /* GestureViewController.swift */,
				5BED56D91CA388B5003D73AD /* RecView.swift */,
				5BED56CD1CA380F3003D73AD /* Main.storyboard */,
				5BED56D01CA380F3003D73AD /* Assets.xcassets */,
				5BED56D21CA380F3003D73AD /* LaunchScreen.storyboard */,
				5BED56D51CA380F3003D73AD /* Info.plist */,
			);
			path = gesture;
			sourceTree = "<group>";
		};
		5BFAD94D1C919F4600DA365A = {
			isa = PBXGroup;
			children = (
				5BFAD9581C919F4600DA365A /* poems */,
				5BFAD97A1C929E1400DA365A /* students */,
				5BFAD9961C98F01B00DA365A /* autolayout */,
				5BFAD9F61C9AE07500DA365A /* button */,
				5BFADA0C1C9AE77400DA365A /* navigation */,
				5BFADA261C9B944A00DA365A /* ebook */,
				5B2E61441C9F953600A4E8D6 /* alert */,
				5B8536961C9FD39F00FACDC0 /* alphacamp */,
				5B8537CE1CA27FE900FACDC0 /* data */,
				5BED56C81CA380F3003D73AD /* gesture */,
				5BFAD9571C919F4600DA365A /* Products */,
			);
			sourceTree = "<group>";
		};
		5BFAD9571C919F4600DA365A /* Products */ = {
			isa = PBXGroup;
			children = (
				5BFAD9561C919F4600DA365A /* poems.app */,
				5BFAD9791C929E1400DA365A /* students.app */,
				5BFAD9951C98F01B00DA365A /* autolayout.app */,
				5BFAD9F51C9AE07500DA365A /* button.app */,
				5BFADA0B1C9AE77400DA365A /* navigation.app */,
				5BFADA251C9B944A00DA365A /* ebook.app */,
				5B2E61431C9F953600A4E8D6 /* alert.app */,
				5B8536951C9FD39F00FACDC0 /* alphacamp.app */,
				5B8537CD1CA27FE900FACDC0 /* data.app */,
				5BED56C71CA380F3003D73AD /* gesture.app */,
			);
			name = Products;
			sourceTree = "<group>";
		};
		5BFAD9581C919F4600DA365A /* poems */ = {
			isa = PBXGroup;
			children = (
				5BFAD9591C919F4600DA365A /* AppDelegate.swift */,
				5BFAD95B1C919F4600DA365A /* PoetListViewController.swift */,
				5BFAD96B1C91A88100DA365A /* PoemListViewController.swift */,
				5BFAD96D1C91A89800DA365A /* PoemDetailViewController.swift */,
				5BFAD9731C91ABA400DA365A /* Poets.swift */,
				5BFAD95D1C919F4600DA365A /* Main.storyboard */,
				5BFAD9601C919F4600DA365A /* Assets.xcassets */,
				5BFAD9621C919F4600DA365A /* LaunchScreen.storyboard */,
				5BFAD9651C919F4600DA365A /* Info.plist */,
			);
			name = poems;
			path = "alphacamp-swift";
			sourceTree = "<group>";
		};
		5BFAD97A1C929E1400DA365A /* students */ = {
			isa = PBXGroup;
			children = (
				5BFAD97B1C929E1400DA365A /* AppDelegate.swift */,
				5BFAD97D1C929E1400DA365A /* ViewController.swift */,
				5BFAD98D1C92A4F300DA365A /* DetailViewController.swift */,
				5BFAD98B1C929F4700DA365A /* student.swift */,
				5BFAD97F1C929E1400DA365A /* Main.storyboard */,
				5BFAD9821C929E1400DA365A /* Assets.xcassets */,
				5BFAD9841C929E1400DA365A /* LaunchScreen.storyboard */,
				5BFAD9871C929E1400DA365A /* Info.plist */,
			);
			path = students;
			sourceTree = "<group>";
		};
		5BFAD9961C98F01B00DA365A /* autolayout */ = {
			isa = PBXGroup;
			children = (
				5BFAD9971C98F01B00DA365A /* AppDelegate.swift */,
				5BFAD9991C98F01B00DA365A /* ViewController.swift */,
				5BFAD99B1C98F01B00DA365A /* Main.storyboard */,
				5BFAD99E1C98F01B00DA365A /* Assets.xcassets */,
				5BFAD9A01C98F01B00DA365A /* LaunchScreen.storyboard */,
				5BFAD9A31C98F01B00DA365A /* Info.plist */,
			);
			path = autolayout;
			sourceTree = "<group>";
		};
		5BFAD9F61C9AE07500DA365A /* button */ = {
			isa = PBXGroup;
			children = (
				5BFAD9F71C9AE07500DA365A /* AppDelegate.swift */,
				5BFAD9F91C9AE07500DA365A /* BtnViewController.swift */,
				5BFAD9FB1C9AE07500DA365A /* Main.storyboard */,
				5BFAD9FE1C9AE07500DA365A /* Assets.xcassets */,
				5BFADA001C9AE07500DA365A /* LaunchScreen.storyboard */,
				5BFADA031C9AE07500DA365A /* Info.plist */,
			);
			path = button;
			sourceTree = "<group>";
		};
		5BFADA0C1C9AE77400DA365A /* navigation */ = {
			isa = PBXGroup;
			children = (
				5BFADA0D1C9AE77400DA365A /* AppDelegate.swift */,
				5BFADA0F1C9AE77400DA365A /* Nav1ViewController.swift */,
				5BFADA1D1C9AE80F00DA365A /* Nav2ViewController.swift */,
				5BFADA1F1C9AE82300DA365A /* Nav3ViewController.swift */,
				5BFADA111C9AE77400DA365A /* Main.storyboard */,
				5BFADA141C9AE77400DA365A /* Assets.xcassets */,
				5BFADA161C9AE77400DA365A /* LaunchScreen.storyboard */,
				5BFADA191C9AE77400DA365A /* Info.plist */,
			);
			path = navigation;
			sourceTree = "<group>";
		};
		5BFADA261C9B944A00DA365A /* ebook */ = {
			isa = PBXGroup;
			children = (
				5BFADA271C9B944B00DA365A /* AppDelegate.swift */,
				5BFADA291C9B944B00DA365A /* BookViewController.swift */,
				5BFADA2B1C9B944B00DA365A /* Main.storyboard */,
				5BFADA2E1C9B944B00DA365A /* Assets.xcassets */,
				5BFADA301C9B944B00DA365A /* LaunchScreen.storyboard */,
				5BFADA331C9B944B00DA365A /* Info.plist */,
			);
			path = ebook;
			sourceTree = "<group>";
		};
/* End PBXGroup section */

/* Begin PBXNativeTarget section */
		5B2E61421C9F953600A4E8D6 /* alert */ = {
			isa = PBXNativeTarget;
			buildConfigurationList = 5B2E61541C9F953600A4E8D6 /* Build configuration list for PBXNativeTarget "alert" */;
			buildPhases = (
				5B2E613F1C9F953600A4E8D6 /* Sources */,
				5B2E61401C9F953600A4E8D6 /* Frameworks */,
				5B2E61411C9F953600A4E8D6 /* Resources */,
			);
			buildRules = (
			);
			dependencies = (
			);
			name = alert;
			productName = alert;
			productReference = 5B2E61431C9F953600A4E8D6 /* alert.app */;
			productType = "com.apple.product-type.application";
		};
		5B8536941C9FD39F00FACDC0 /* alphacamp */ = {
			isa = PBXNativeTarget;
			buildConfigurationList = 5B8536A41C9FD39F00FACDC0 /* Build configuration list for PBXNativeTarget "alphacamp" */;
			buildPhases = (
				5B8536911C9FD39F00FACDC0 /* Sources */,
				5B8536921C9FD39F00FACDC0 /* Frameworks */,
				5B8536931C9FD39F00FACDC0 /* Resources */,
			);
			buildRules = (
			);
			dependencies = (
			);
			name = alphacamp;
			productName = alphacamp;
			productReference = 5B8536951C9FD39F00FACDC0 /* alphacamp.app */;
			productType = "com.apple.product-type.application";
		};
		5B8537CC1CA27FE900FACDC0 /* data */ = {
			isa = PBXNativeTarget;
			buildConfigurationList = 5B8537E11CA27FE900FACDC0 /* Build configuration list for PBXNativeTarget "data" */;
			buildPhases = (
				5B8537C91CA27FE900FACDC0 /* Sources */,
				5B8537CA1CA27FE900FACDC0 /* Frameworks */,
				5B8537CB1CA27FE900FACDC0 /* Resources */,
			);
			buildRules = (
			);
			dependencies = (
			);
			name = data;
			productName = data;
			productReference = 5B8537CD1CA27FE900FACDC0 /* data.app */;
			productType = "com.apple.product-type.application";
		};
		5BED56C61CA380F3003D73AD /* gesture */ = {
			isa = PBXNativeTarget;
			buildConfigurationList = 5BED56D81CA380F3003D73AD /* Build configuration list for PBXNativeTarget "gesture" */;
			buildPhases = (
				5BED56C31CA380F3003D73AD /* Sources */,
				5BED56C41CA380F3003D73AD /* Frameworks */,
				5BED56C51CA380F3003D73AD /* Resources */,
			);
			buildRules = (
			);
			dependencies = (
			);
			name = gesture;
			productName = gesture;
			productReference = 5BED56C71CA380F3003D73AD /* gesture.app */;
			productType = "com.apple.product-type.application";
		};
		5BFAD9551C919F4600DA365A /* poems */ = {
			isa = PBXNativeTarget;
			buildConfigurationList = 5BFAD9681C919F4600DA365A /* Build configuration list for PBXNativeTarget "poems" */;
			buildPhases = (
				5BFAD9521C919F4600DA365A /* Sources */,
				5BFAD9531C919F4600DA365A /* Frameworks */,
				5BFAD9541C919F4600DA365A /* Resources */,
			);
			buildRules = (
			);
			dependencies = (
			);
			name = poems;
			productName = "alphacamp-swift";
			productReference = 5BFAD9561C919F4600DA365A /* poems.app */;
			productType = "com.apple.product-type.application";
		};
		5BFAD9781C929E1400DA365A /* students */ = {
			isa = PBXNativeTarget;
			buildConfigurationList = 5BFAD98A1C929E1400DA365A /* Build configuration list for PBXNativeTarget "students" */;
			buildPhases = (
				5BFAD9751C929E1400DA365A /* Sources */,
				5BFAD9761C929E1400DA365A /* Frameworks */,
				5BFAD9771C929E1400DA365A /* Resources */,
			);
			buildRules = (
			);
			dependencies = (
			);
			name = students;
			productName = students;
			productReference = 5BFAD9791C929E1400DA365A /* students.app */;
			productType = "com.apple.product-type.application";
		};
		5BFAD9941C98F01B00DA365A /* autolayout */ = {
			isa = PBXNativeTarget;
			buildConfigurationList = 5BFAD9A41C98F01B00DA365A /* Build configuration list for PBXNativeTarget "autolayout" */;
			buildPhases = (
				5BFAD9911C98F01B00DA365A /* Sources */,
				5BFAD9921C98F01B00DA365A /* Frameworks */,
				5BFAD9931C98F01B00DA365A /* Resources */,
			);
			buildRules = (
			);
			dependencies = (
			);
			name = autolayout;
			productName = autolayout;
			productReference = 5BFAD9951C98F01B00DA365A /* autolayout.app */;
			productType = "com.apple.product-type.application";
		};
		5BFAD9F41C9AE07500DA365A /* button */ = {
			isa = PBXNativeTarget;
			buildConfigurationList = 5BFADA061C9AE07500DA365A /* Build configuration list for PBXNativeTarget "button" */;
			buildPhases = (
				5BFAD9F11C9AE07500DA365A /* Sources */,
				5BFAD9F21C9AE07500DA365A /* Frameworks */,
				5BFAD9F31C9AE07500DA365A /* Resources */,
			);
			buildRules = (
			);
			dependencies = (
			);
			name = button;
			productName = button;
			productReference = 5BFAD9F51C9AE07500DA365A /* button.app */;
			productType = "com.apple.product-type.application";
		};
		5BFADA0A1C9AE77400DA365A /* navigation */ = {
			isa = PBXNativeTarget;
			buildConfigurationList = 5BFADA1C1C9AE77400DA365A /* Build configuration list for PBXNativeTarget "navigation" */;
			buildPhases = (
				5BFADA071C9AE77400DA365A /* Sources */,
				5BFADA081C9AE77400DA365A /* Frameworks */,
				5BFADA091C9AE77400DA365A /* Resources */,
			);
			buildRules = (
			);
			dependencies = (
			);
			name = navigation;
			productName = navigation;
			productReference = 5BFADA0B1C9AE77400DA365A /* navigation.app */;
			productType = "com.apple.product-type.application";
		};
		5BFADA241C9B944A00DA365A /* ebook */ = {
			isa = PBXNativeTarget;
			buildConfigurationList = 5BFADA361C9B944B00DA365A /* Build configuration list for PBXNativeTarget "ebook" */;
			buildPhases = (
				5BFADA211C9B944A00DA365A /* Sources */,
				5BFADA221C9B944A00DA365A /* Frameworks */,
				5BFADA231C9B944A00DA365A /* Resources */,
			);
			buildRules = (
			);
			dependencies = (
			);
			name = ebook;
			productName = ebook;
			productReference = 5BFADA251C9B944A00DA365A /* ebook.app */;
			productType = "com.apple.product-type.application";
		};
/* End PBXNativeTarget section */

/* Begin PBXProject section */
		5BFAD94E1C919F4600DA365A /* Project object */ = {
			isa = PBXProject;
			attributes = {
				LastSwiftUpdateCheck = 0730;
				LastUpgradeCheck = 0720;
				ORGANIZATIONNAME = Frainbow;
				TargetAttributes = {
					5B2E61421C9F953600A4E8D6 = {
						CreatedOnToolsVersion = 7.2.1;
					};
					5B8536941C9FD39F00FACDC0 = {
						CreatedOnToolsVersion = 7.2.1;
					};
					5B8537CC1CA27FE900FACDC0 = {
						CreatedOnToolsVersion = 7.2.1;
					};
					5BED56C61CA380F3003D73AD = {
						CreatedOnToolsVersion = 7.3;
					};
					5BFAD9551C919F4600DA365A = {
						CreatedOnToolsVersion = 7.2.1;
					};
					5BFAD9781C929E1400DA365A = {
						CreatedOnToolsVersion = 7.2.1;
					};
					5BFAD9941C98F01B00DA365A = {
						CreatedOnToolsVersion = 7.2.1;
					};
					5BFAD9F41C9AE07500DA365A = {
						CreatedOnToolsVersion = 7.2.1;
					};
					5BFADA0A1C9AE77400DA365A = {
						CreatedOnToolsVersion = 7.2.1;
					};
					5BFADA241C9B944A00DA365A = {
						CreatedOnToolsVersion = 7.2.1;
					};
				};
			};
			buildConfigurationList = 5BFAD9511C919F4600DA365A /* Build configuration list for PBXProject "alphacamp-swift" */;
			compatibilityVersion = "Xcode 3.2";
			developmentRegion = English;
			hasScannedForEncodings = 0;
			knownRegions = (
				en,
				Base,
			);
			mainGroup = 5BFAD94D1C919F4600DA365A;
			productRefGroup = 5BFAD9571C919F4600DA365A /* Products */;
			projectDirPath = "";
			projectRoot = "";
			targets = (
				5BFAD9551C919F4600DA365A /* poems */,
				5BFAD9781C929E1400DA365A /* students */,
				5BFAD9941C98F01B00DA365A /* autolayout */,
				5BFAD9F41C9AE07500DA365A /* button */,
				5BFADA0A1C9AE77400DA365A /* navigation */,
				5BFADA241C9B944A00DA365A /* ebook */,
				5B2E61421C9F953600A4E8D6 /* alert */,
				5B8536941C9FD39F00FACDC0 /* alphacamp */,
				5B8537CC1CA27FE900FACDC0 /* data */,
				5BED56C61CA380F3003D73AD /* gesture */,
			);
		};
/* End PBXProject section */

/* Begin PBXResourcesBuildPhase section */
		5B2E61411C9F953600A4E8D6 /* Resources */ = {
			isa = PBXResourcesBuildPhase;
			buildActionMask = 2147483647;
			files = (
				5B2E61501C9F953600A4E8D6 /* LaunchScreen.storyboard in Resources */,
				5B2E614D1C9F953600A4E8D6 /* Assets.xcassets in Resources */,
				5B2E614B1C9F953600A4E8D6 /* Main.storyboard in Resources */,
				5B85367F1C9FABA700FACDC0 /* poem.txt in Resources */,
			);
			runOnlyForDeploymentPostprocessing = 0;
		};
		5B8536931C9FD39F00FACDC0 /* Resources */ = {
			isa = PBXResourcesBuildPhase;
			buildActionMask = 2147483647;
			files = (
				5B8536A81C9FE80200FACDC0 /* Login.storyboard in Resources */,
				5B8536A21C9FD39F00FACDC0 /* LaunchScreen.storyboard in Resources */,
				5B85369F1C9FD39F00FACDC0 /* Assets.xcassets in Resources */,
				5B85369D1C9FD39F00FACDC0 /* Main.storyboard in Resources */,
			);
			runOnlyForDeploymentPostprocessing = 0;
		};
		5B8537CB1CA27FE900FACDC0 /* Resources */ = {
			isa = PBXResourcesBuildPhase;
			buildActionMask = 2147483647;
			files = (
				5B8537DD1CA27FE900FACDC0 /* LaunchScreen.storyboard in Resources */,
				5B8537DA1CA27FE900FACDC0 /* Assets.xcassets in Resources */,
				5B8537D51CA27FE900FACDC0 /* Main.storyboard in Resources */,
			);
			runOnlyForDeploymentPostprocessing = 0;
		};
		5BED56C51CA380F3003D73AD /* Resources */ = {
			isa = PBXResourcesBuildPhase;
			buildActionMask = 2147483647;
			files = (
				5BED56D41CA380F3003D73AD /* LaunchScreen.storyboard in Resources */,
				5BED56D11CA380F3003D73AD /* Assets.xcassets in Resources */,
				5BED56CF1CA380F3003D73AD /* Main.storyboard in Resources */,
			);
			runOnlyForDeploymentPostprocessing = 0;
		};
		5BFAD9541C919F4600DA365A /* Resources */ = {
			isa = PBXResourcesBuildPhase;
			buildActionMask = 2147483647;
			files = (
				5BFAD9641C919F4600DA365A /* LaunchScreen.storyboard in Resources */,
				5BFAD9611C919F4600DA365A /* Assets.xcassets in Resources */,
				5BFAD95F1C919F4600DA365A /* Main.storyboard in Resources */,
			);
			runOnlyForDeploymentPostprocessing = 0;
		};
		5BFAD9771C929E1400DA365A /* Resources */ = {
			isa = PBXResourcesBuildPhase;
			buildActionMask = 2147483647;
			files = (
				5BFAD9861C929E1400DA365A /* LaunchScreen.storyboard in Resources */,
				5BFAD9831C929E1400DA365A /* Assets.xcassets in Resources */,
				5BFAD9811C929E1400DA365A /* Main.storyboard in Resources */,
			);
			runOnlyForDeploymentPostprocessing = 0;
		};
		5BFAD9931C98F01B00DA365A /* Resources */ = {
			isa = PBXResourcesBuildPhase;
			buildActionMask = 2147483647;
			files = (
				5BFAD9A21C98F01B00DA365A /* LaunchScreen.storyboard in Resources */,
				5BFAD99F1C98F01B00DA365A /* Assets.xcassets in Resources */,
				5BFAD99D1C98F01B00DA365A /* Main.storyboard in Resources */,
			);
			runOnlyForDeploymentPostprocessing = 0;
		};
		5BFAD9F31C9AE07500DA365A /* Resources */ = {
			isa = PBXResourcesBuildPhase;
			buildActionMask = 2147483647;
			files = (
				5BFADA021C9AE07500DA365A /* LaunchScreen.storyboard in Resources */,
				5BFAD9FF1C9AE07500DA365A /* Assets.xcassets in Resources */,
				5BFAD9FD1C9AE07500DA365A /* Main.storyboard in Resources */,
			);
			runOnlyForDeploymentPostprocessing = 0;
		};
		5BFADA091C9AE77400DA365A /* Resources */ = {
			isa = PBXResourcesBuildPhase;
			buildActionMask = 2147483647;
			files = (
				5BFADA181C9AE77400DA365A /* LaunchScreen.storyboard in Resources */,
				5BFADA151C9AE77400DA365A /* Assets.xcassets in Resources */,
				5BFADA131C9AE77400DA365A /* Main.storyboard in Resources */,
			);
			runOnlyForDeploymentPostprocessing = 0;
		};
		5BFADA231C9B944A00DA365A /* Resources */ = {
			isa = PBXResourcesBuildPhase;
			buildActionMask = 2147483647;
			files = (
				5BFADA321C9B944B00DA365A /* LaunchScreen.storyboard in Resources */,
				5BFADA2F1C9B944B00DA365A /* Assets.xcassets in Resources */,
				5BFADA2D1C9B944B00DA365A /* Main.storyboard in Resources */,
			);
			runOnlyForDeploymentPostprocessing = 0;
		};
/* End PBXResourcesBuildPhase section */

/* Begin PBXSourcesBuildPhase section */
		5B2E613F1C9F953600A4E8D6 /* Sources */ = {
			isa = PBXSourcesBuildPhase;
			buildActionMask = 2147483647;
			files = (
				5B8536B11CA0EB5700FACDC0 /* FileViewController.swift in Sources */,
				5B2E61481C9F953600A4E8D6 /* AlertViewController.swift in Sources */,
				5B2E61461C9F953600A4E8D6 /* AppDelegate.swift in Sources */,
			);
			runOnlyForDeploymentPostprocessing = 0;
		};
		5B8536911C9FD39F00FACDC0 /* Sources */ = {
			isa = PBXSourcesBuildPhase;
			buildActionMask = 2147483647;
			files = (
				5B8536AF1C9FF8B000FACDC0 /* ACLoginHandler.swift in Sources */,
				5B8536AA1C9FE9CC00FACDC0 /* ACLoginViewController.swift in Sources */,
				5B85369A1C9FD39F00FACDC0 /* ACViewController.swift in Sources */,
				5B8536AD1C9FEA3F00FACDC0 /* ACLoginFormViewController.swift in Sources */,
				5B8536981C9FD39F00FACDC0 /* AppDelegate.swift in Sources */,
			);
			runOnlyForDeploymentPostprocessing = 0;
		};
		5B8537C91CA27FE900FACDC0 /* Sources */ = {
			isa = PBXSourcesBuildPhase;
			buildActionMask = 2147483647;
			files = (
				5B8537EE1CA2BFF200FACDC0 /* DataFormViewController.swift in Sources */,
				5B8537D21CA27FE900FACDC0 /* DataViewController.swift in Sources */,
				5B8537D01CA27FE900FACDC0 /* AppDelegate.swift in Sources */,
				5B8537E41CA2867300FACDC0 /* Book+CoreDataProperties.swift in Sources */,
				5B8537E51CA2867300FACDC0 /* Book.swift in Sources */,
				5B8537D81CA27FE900FACDC0 /* data.xcdatamodeld in Sources */,
			);
			runOnlyForDeploymentPostprocessing = 0;
		};
		5BED56C31CA380F3003D73AD /* Sources */ = {
			isa = PBXSourcesBuildPhase;
			buildActionMask = 2147483647;
			files = (
				5BED56DA1CA388B5003D73AD /* RecView.swift in Sources */,
				5BED56CC1CA380F3003D73AD /* GestureViewController.swift in Sources */,
				5BED56CA1CA380F3003D73AD /* AppDelegate.swift in Sources */,
			);
			runOnlyForDeploymentPostprocessing = 0;
		};
		5BFAD9521C919F4600DA365A /* Sources */ = {
			isa = PBXSourcesBuildPhase;
			buildActionMask = 2147483647;
			files = (
				5BFAD9741C91ABA400DA365A /* Poets.swift in Sources */,
				5BFAD96E1C91A89800DA365A /* PoemDetailViewController.swift in Sources */,
				5BFAD95C1C919F4600DA365A /* PoetListViewController.swift in Sources */,
				5BFAD95A1C919F4600DA365A /* AppDelegate.swift in Sources */,
				5BFAD96C1C91A88100DA365A /* PoemListViewController.swift in Sources */,
			);
			runOnlyForDeploymentPostprocessing = 0;
		};
		5BFAD9751C929E1400DA365A /* Sources */ = {
			isa = PBXSourcesBuildPhase;
			buildActionMask = 2147483647;
			files = (
				5BFAD97E1C929E1400DA365A /* ViewController.swift in Sources */,
				5BFAD97C1C929E1400DA365A /* AppDelegate.swift in Sources */,
				5BFAD98C1C929F4700DA365A /* student.swift in Sources */,
				5BFAD98E1C92A4F300DA365A /* DetailViewController.swift in Sources */,
			);
			runOnlyForDeploymentPostprocessing = 0;
		};
		5BFAD9911C98F01B00DA365A /* Sources */ = {
			isa = PBXSourcesBuildPhase;
			buildActionMask = 2147483647;
			files = (
				5BFAD99A1C98F01B00DA365A /* ViewController.swift in Sources */,
				5BFAD9981C98F01B00DA365A /* AppDelegate.swift in Sources */,
			);
			runOnlyForDeploymentPostprocessing = 0;
		};
		5BFAD9F11C9AE07500DA365A /* Sources */ = {
			isa = PBXSourcesBuildPhase;
			buildActionMask = 2147483647;
			files = (
				5BFAD9FA1C9AE07500DA365A /* BtnViewController.swift in Sources */,
				5BFAD9F81C9AE07500DA365A /* AppDelegate.swift in Sources */,
			);
			runOnlyForDeploymentPostprocessing = 0;
		};
		5BFADA071C9AE77400DA365A /* Sources */ = {
			isa = PBXSourcesBuildPhase;
			buildActionMask = 2147483647;
			files = (
				5BFADA101C9AE77400DA365A /* Nav1ViewController.swift in Sources */,
				5BFADA0E1C9AE77400DA365A /* AppDelegate.swift in Sources */,
				5BFADA201C9AE82300DA365A /* Nav3ViewController.swift in Sources */,
				5BFADA1E1C9AE80F00DA365A /* Nav2ViewController.swift in Sources */,
			);
			runOnlyForDeploymentPostprocessing = 0;
		};
		5BFADA211C9B944A00DA365A /* Sources */ = {
			isa = PBXSourcesBuildPhase;
			buildActionMask = 2147483647;
			files = (
				5BFADA2A1C9B944B00DA365A /* BookViewController.swift in Sources */,
				5BFADA281C9B944B00DA365A /* AppDelegate.swift in Sources */,
			);
			runOnlyForDeploymentPostprocessing = 0;
		};
/* End PBXSourcesBuildPhase section */

/* Begin PBXVariantGroup section */
		5B2E61491C9F953600A4E8D6 /* Main.storyboard */ = {
			isa = PBXVariantGroup;
			children = (
				5B2E614A1C9F953600A4E8D6 /* Base */,
			);
			name = Main.storyboard;
			sourceTree = "<group>";
		};
		5B2E614E1C9F953600A4E8D6 /* LaunchScreen.storyboard */ = {
			isa = PBXVariantGroup;
			children = (
				5B2E614F1C9F953600A4E8D6 /* Base */,
			);
			name = LaunchScreen.storyboard;
			sourceTree = "<group>";
		};
		5B85369B1C9FD39F00FACDC0 /* Main.storyboard */ = {
			isa = PBXVariantGroup;
			children = (
				5B85369C1C9FD39F00FACDC0 /* Base */,
			);
			name = Main.storyboard;
			sourceTree = "<group>";
		};
		5B8536A01C9FD39F00FACDC0 /* LaunchScreen.storyboard */ = {
			isa = PBXVariantGroup;
			children = (
				5B8536A11C9FD39F00FACDC0 /* Base */,
			);
			name = LaunchScreen.storyboard;
			sourceTree = "<group>";
		};
		5B8537D31CA27FE900FACDC0 /* Main.storyboard */ = {
			isa = PBXVariantGroup;
			children = (
				5B8537D41CA27FE900FACDC0 /* Base */,
			);
			name = Main.storyboard;
			sourceTree = "<group>";
		};
		5B8537DB1CA27FE900FACDC0 /* LaunchScreen.storyboard */ = {
			isa = PBXVariantGroup;
			children = (
				5B8537DC1CA27FE900FACDC0 /* Base */,
			);
			name = LaunchScreen.storyboard;
			sourceTree = "<group>";
		};
		5BED56CD1CA380F3003D73AD /* Main.storyboard */ = {
			isa = PBXVariantGroup;
			children = (
				5BED56CE1CA380F3003D73AD /* Base */,
			);
			name = Main.storyboard;
			sourceTree = "<group>";
		};
		5BED56D21CA380F3003D73AD /* LaunchScreen.storyboard */ = {
			isa = PBXVariantGroup;
			children = (
				5BED56D31CA380F3003D73AD /* Base */,
			);
			name = LaunchScreen.storyboard;
			sourceTree = "<group>";
		};
		5BFAD95D1C919F4600DA365A /* Main.storyboard */ = {
			isa = PBXVariantGroup;
			children = (
				5BFAD95E1C919F4600DA365A /* Base */,
			);
			name = Main.storyboard;
			sourceTree = "<group>";
		};
		5BFAD9621C919F4600DA365A /* LaunchScreen.storyboard */ = {
			isa = PBXVariantGroup;
			children = (
				5BFAD9631C919F4600DA365A /* Base */,
			);
			name = LaunchScreen.storyboard;
			sourceTree = "<group>";
		};
		5BFAD97F1C929E1400DA365A /* Main.storyboard */ = {
			isa = PBXVariantGroup;
			children = (
				5BFAD9801C929E1400DA365A /* Base */,
			);
			name = Main.storyboard;
			sourceTree = "<group>";
		};
		5BFAD9841C929E1400DA365A /* LaunchScreen.storyboard */ = {
			isa = PBXVariantGroup;
			children = (
				5BFAD9851C929E1400DA365A /* Base */,
			);
			name = LaunchScreen.storyboard;
			sourceTree = "<group>";
		};
		5BFAD99B1C98F01B00DA365A /* Main.storyboard */ = {
			isa = PBXVariantGroup;
			children = (
				5BFAD99C1C98F01B00DA365A /* Base */,
			);
			name = Main.storyboard;
			sourceTree = "<group>";
		};
		5BFAD9A01C98F01B00DA365A /* LaunchScreen.storyboard */ = {
			isa = PBXVariantGroup;
			children = (
				5BFAD9A11C98F01B00DA365A /* Base */,
			);
			name = LaunchScreen.storyboard;
			sourceTree = "<group>";
		};
		5BFAD9FB1C9AE07500DA365A /* Main.storyboard */ = {
			isa = PBXVariantGroup;
			children = (
				5BFAD9FC1C9AE07500DA365A /* Base */,
			);
			name = Main.storyboard;
			sourceTree = "<group>";
		};
		5BFADA001C9AE07500DA365A /* LaunchScreen.storyboard */ = {
			isa = PBXVariantGroup;
			children = (
				5BFADA011C9AE07500DA365A /* Base */,
			);
			name = LaunchScreen.storyboard;
			sourceTree = "<group>";
		};
		5BFADA111C9AE77400DA365A /* Main.storyboard */ = {
			isa = PBXVariantGroup;
			children = (
				5BFADA121C9AE77400DA365A /* Base */,
			);
			name = Main.storyboard;
			sourceTree = "<group>";
		};
		5BFADA161C9AE77400DA365A /* LaunchScreen.storyboard */ = {
			isa = PBXVariantGroup;
			children = (
				5BFADA171C9AE77400DA365A /* Base */,
			);
			name = LaunchScreen.storyboard;
			sourceTree = "<group>";
		};
		5BFADA2B1C9B944B00DA365A /* Main.storyboard */ = {
			isa = PBXVariantGroup;
			children = (
				5BFADA2C1C9B944B00DA365A /* Base */,
			);
			name = Main.storyboard;
			sourceTree = "<group>";
		};
		5BFADA301C9B944B00DA365A /* LaunchScreen.storyboard */ = {
			isa = PBXVariantGroup;
			children = (
				5BFADA311C9B944B00DA365A /* Base */,
			);
			name = LaunchScreen.storyboard;
			sourceTree = "<group>";
		};
/* End PBXVariantGroup section */

/* Begin XCBuildConfiguration section */
		5B2E61521C9F953600A4E8D6 /* Debug */ = {
			isa = XCBuildConfiguration;
			buildSettings = {
				ASSETCATALOG_COMPILER_APPICON_NAME = AppIcon;
				INFOPLIST_FILE = alert/Info.plist;
				LD_RUNPATH_SEARCH_PATHS = "$(inherited) @executable_path/Frameworks";
				PRODUCT_BUNDLE_IDENTIFIER = tw.frb.alert;
				PRODUCT_NAME = "$(TARGET_NAME)";
			};
			name = Debug;
		};
		5B2E61531C9F953600A4E8D6 /* Release */ = {
			isa = XCBuildConfiguration;
			buildSettings = {
				ASSETCATALOG_COMPILER_APPICON_NAME = AppIcon;
				INFOPLIST_FILE = alert/Info.plist;
				LD_RUNPATH_SEARCH_PATHS = "$(inherited) @executable_path/Frameworks";
				PRODUCT_BUNDLE_IDENTIFIER = tw.frb.alert;
				PRODUCT_NAME = "$(TARGET_NAME)";
			};
			name = Release;
		};
		5B8536A51C9FD39F00FACDC0 /* Debug */ = {
			isa = XCBuildConfiguration;
			buildSettings = {
				ASSETCATALOG_COMPILER_APPICON_NAME = AppIcon;
				INFOPLIST_FILE = alphacamp/Info.plist;
				LD_RUNPATH_SEARCH_PATHS = "$(inherited) @executable_path/Frameworks";
				PRODUCT_BUNDLE_IDENTIFIER = tw.frb.alphacamp;
				PRODUCT_NAME = "$(TARGET_NAME)";
			};
			name = Debug;
		};
		5B8536A61C9FD39F00FACDC0 /* Release */ = {
			isa = XCBuildConfiguration;
			buildSettings = {
				ASSETCATALOG_COMPILER_APPICON_NAME = AppIcon;
				INFOPLIST_FILE = alphacamp/Info.plist;
				LD_RUNPATH_SEARCH_PATHS = "$(inherited) @executable_path/Frameworks";
				PRODUCT_BUNDLE_IDENTIFIER = tw.frb.alphacamp;
				PRODUCT_NAME = "$(TARGET_NAME)";
			};
			name = Release;
		};
		5B8537DF1CA27FE900FACDC0 /* Debug */ = {
			isa = XCBuildConfiguration;
			buildSettings = {
				ASSETCATALOG_COMPILER_APPICON_NAME = AppIcon;
				INFOPLIST_FILE = data/Info.plist;
				LD_RUNPATH_SEARCH_PATHS = "$(inherited) @executable_path/Frameworks";
				PRODUCT_BUNDLE_IDENTIFIER = tw.frb.data;
				PRODUCT_NAME = "$(TARGET_NAME)";
			};
			name = Debug;
		};
		5B8537E01CA27FE900FACDC0 /* Release */ = {
			isa = XCBuildConfiguration;
			buildSettings = {
				ASSETCATALOG_COMPILER_APPICON_NAME = AppIcon;
				INFOPLIST_FILE = data/Info.plist;
				LD_RUNPATH_SEARCH_PATHS = "$(inherited) @executable_path/Frameworks";
				PRODUCT_BUNDLE_IDENTIFIER = tw.frb.data;
				PRODUCT_NAME = "$(TARGET_NAME)";
			};
			name = Release;
		};
		5BED56D61CA380F3003D73AD /* Debug */ = {
			isa = XCBuildConfiguration;
			buildSettings = {
				ASSETCATALOG_COMPILER_APPICON_NAME = AppIcon;
				CLANG_ANALYZER_NONNULL = YES;
				INFOPLIST_FILE = gesture/Info.plist;
				IPHONEOS_DEPLOYMENT_TARGET = 9.3;
				LD_RUNPATH_SEARCH_PATHS = "$(inherited) @executable_path/Frameworks";
				PRODUCT_BUNDLE_IDENTIFIER = tw.frb.gesture;
				PRODUCT_NAME = "$(TARGET_NAME)";
			};
			name = Debug;
		};
		5BED56D71CA380F3003D73AD /* Release */ = {
			isa = XCBuildConfiguration;
			buildSettings = {
				ASSETCATALOG_COMPILER_APPICON_NAME = AppIcon;
				CLANG_ANALYZER_NONNULL = YES;
				INFOPLIST_FILE = gesture/Info.plist;
				IPHONEOS_DEPLOYMENT_TARGET = 9.3;
				LD_RUNPATH_SEARCH_PATHS = "$(inherited) @executable_path/Frameworks";
				PRODUCT_BUNDLE_IDENTIFIER = tw.frb.gesture;
				PRODUCT_NAME = "$(TARGET_NAME)";
			};
			name = Release;
		};
		5BFAD9661C919F4600DA365A /* Debug */ = {
			isa = XCBuildConfiguration;
			buildSettings = {
				ALWAYS_SEARCH_USER_PATHS = NO;
				CLANG_CXX_LANGUAGE_STANDARD = "gnu++0x";
				CLANG_CXX_LIBRARY = "libc++";
				CLANG_ENABLE_MODULES = YES;
				CLANG_ENABLE_OBJC_ARC = YES;
				CLANG_WARN_BOOL_CONVERSION = YES;
				CLANG_WARN_CONSTANT_CONVERSION = YES;
				CLANG_WARN_DIRECT_OBJC_ISA_USAGE = YES_ERROR;
				CLANG_WARN_EMPTY_BODY = YES;
				CLANG_WARN_ENUM_CONVERSION = YES;
				CLANG_WARN_INT_CONVERSION = YES;
				CLANG_WARN_OBJC_ROOT_CLASS = YES_ERROR;
				CLANG_WARN_UNREACHABLE_CODE = YES;
				CLANG_WARN__DUPLICATE_METHOD_MATCH = YES;
				"CODE_SIGN_IDENTITY[sdk=iphoneos*]" = "iPhone Developer";
				COPY_PHASE_STRIP = NO;
				DEBUG_INFORMATION_FORMAT = dwarf;
				ENABLE_STRICT_OBJC_MSGSEND = YES;
				ENABLE_TESTABILITY = YES;
				GCC_C_LANGUAGE_STANDARD = gnu99;
				GCC_DYNAMIC_NO_PIC = NO;
				GCC_NO_COMMON_BLOCKS = YES;
				GCC_OPTIMIZATION_LEVEL = 0;
				GCC_PREPROCESSOR_DEFINITIONS = (
					"DEBUG=1",
					"$(inherited)",
				);
				GCC_WARN_64_TO_32_BIT_CONVERSION = YES;
				GCC_WARN_ABOUT_RETURN_TYPE = YES_ERROR;
				GCC_WARN_UNDECLARED_SELECTOR = YES;
				GCC_WARN_UNINITIALIZED_AUTOS = YES_AGGRESSIVE;
				GCC_WARN_UNUSED_FUNCTION = YES;
				GCC_WARN_UNUSED_VARIABLE = YES;
				IPHONEOS_DEPLOYMENT_TARGET = 9.2;
				MTL_ENABLE_DEBUG_INFO = YES;
				ONLY_ACTIVE_ARCH = YES;
				SDKROOT = iphoneos;
				SWIFT_OPTIMIZATION_LEVEL = "-Onone";
			};
			name = Debug;
		};
		5BFAD9671C919F4600DA365A /* Release */ = {
			isa = XCBuildConfiguration;
			buildSettings = {
				ALWAYS_SEARCH_USER_PATHS = NO;
				CLANG_CXX_LANGUAGE_STANDARD = "gnu++0x";
				CLANG_CXX_LIBRARY = "libc++";
				CLANG_ENABLE_MODULES = YES;
				CLANG_ENABLE_OBJC_ARC = YES;
				CLANG_WARN_BOOL_CONVERSION = YES;
				CLANG_WARN_CONSTANT_CONVERSION = YES;
				CLANG_WARN_DIRECT_OBJC_ISA_USAGE = YES_ERROR;
				CLANG_WARN_EMPTY_BODY = YES;
				CLANG_WARN_ENUM_CONVERSION = YES;
				CLANG_WARN_INT_CONVERSION = YES;
				CLANG_WARN_OBJC_ROOT_CLASS = YES_ERROR;
				CLANG_WARN_UNREACHABLE_CODE = YES;
				CLANG_WARN__DUPLICATE_METHOD_MATCH = YES;
				"CODE_SIGN_IDENTITY[sdk=iphoneos*]" = "iPhone Developer";
				COPY_PHASE_STRIP = NO;
				DEBUG_INFORMATION_FORMAT = "dwarf-with-dsym";
				ENABLE_NS_ASSERTIONS = NO;
				ENABLE_STRICT_OBJC_MSGSEND = YES;
				GCC_C_LANGUAGE_STANDARD = gnu99;
				GCC_NO_COMMON_BLOCKS = YES;
				GCC_WARN_64_TO_32_BIT_CONVERSION = YES;
				GCC_WARN_ABOUT_RETURN_TYPE = YES_ERROR;
				GCC_WARN_UNDECLARED_SELECTOR = YES;
				GCC_WARN_UNINITIALIZED_AUTOS = YES_AGGRESSIVE;
				GCC_WARN_UNUSED_FUNCTION = YES;
				GCC_WARN_UNUSED_VARIABLE = YES;
				IPHONEOS_DEPLOYMENT_TARGET = 9.2;
				MTL_ENABLE_DEBUG_INFO = NO;
				SDKROOT = iphoneos;
				VALIDATE_PRODUCT = YES;
			};
			name = Release;
		};
		5BFAD9691C919F4600DA365A /* Debug */ = {
			isa = XCBuildConfiguration;
			buildSettings = {
				ASSETCATALOG_COMPILER_APPICON_NAME = AppIcon;
				INFOPLIST_FILE = "alphacamp-swift/Info.plist";
				LD_RUNPATH_SEARCH_PATHS = "$(inherited) @executable_path/Frameworks";
				PRODUCT_BUNDLE_IDENTIFIER = tw.frb.poems;
				PRODUCT_NAME = "$(TARGET_NAME)";
			};
			name = Debug;
		};
		5BFAD96A1C919F4600DA365A /* Release */ = {
			isa = XCBuildConfiguration;
			buildSettings = {
				ASSETCATALOG_COMPILER_APPICON_NAME = AppIcon;
				INFOPLIST_FILE = "alphacamp-swift/Info.plist";
				LD_RUNPATH_SEARCH_PATHS = "$(inherited) @executable_path/Frameworks";
				PRODUCT_BUNDLE_IDENTIFIER = tw.frb.poems;
				PRODUCT_NAME = "$(TARGET_NAME)";
			};
			name = Release;
		};
		5BFAD9881C929E1400DA365A /* Debug */ = {
			isa = XCBuildConfiguration;
			buildSettings = {
				ASSETCATALOG_COMPILER_APPICON_NAME = AppIcon;
				INFOPLIST_FILE = students/Info.plist;
				LD_RUNPATH_SEARCH_PATHS = "$(inherited) @executable_path/Frameworks";
				PRODUCT_BUNDLE_IDENTIFIER = tw.frb.students;
				PRODUCT_NAME = "$(TARGET_NAME)";
			};
			name = Debug;
		};
		5BFAD9891C929E1400DA365A /* Release */ = {
			isa = XCBuildConfiguration;
			buildSettings = {
				ASSETCATALOG_COMPILER_APPICON_NAME = AppIcon;
				INFOPLIST_FILE = students/Info.plist;
				LD_RUNPATH_SEARCH_PATHS = "$(inherited) @executable_path/Frameworks";
				PRODUCT_BUNDLE_IDENTIFIER = tw.frb.students;
				PRODUCT_NAME = "$(TARGET_NAME)";
			};
			name = Release;
		};
		5BFAD9A51C98F01B00DA365A /* Debug */ = {
			isa = XCBuildConfiguration;
			buildSettings = {
				ASSETCATALOG_COMPILER_APPICON_NAME = AppIcon;
				INFOPLIST_FILE = autolayout/Info.plist;
				LD_RUNPATH_SEARCH_PATHS = "$(inherited) @executable_path/Frameworks";
				PRODUCT_BUNDLE_IDENTIFIER = tw.frb.autolayout;
				PRODUCT_NAME = "$(TARGET_NAME)";
			};
			name = Debug;
		};
		5BFAD9A61C98F01B00DA365A /* Release */ = {
			isa = XCBuildConfiguration;
			buildSettings = {
				ASSETCATALOG_COMPILER_APPICON_NAME = AppIcon;
				INFOPLIST_FILE = autolayout/Info.plist;
				LD_RUNPATH_SEARCH_PATHS = "$(inherited) @executable_path/Frameworks";
				PRODUCT_BUNDLE_IDENTIFIER = tw.frb.autolayout;
				PRODUCT_NAME = "$(TARGET_NAME)";
			};
			name = Release;
		};
		5BFADA041C9AE07500DA365A /* Debug */ = {
			isa = XCBuildConfiguration;
			buildSettings = {
				ASSETCATALOG_COMPILER_APPICON_NAME = AppIcon;
				INFOPLIST_FILE = button/Info.plist;
				LD_RUNPATH_SEARCH_PATHS = "$(inherited) @executable_path/Frameworks";
				PRODUCT_BUNDLE_IDENTIFIER = tw.frb.button;
				PRODUCT_NAME = "$(TARGET_NAME)";
			};
			name = Debug;
		};
		5BFADA051C9AE07500DA365A /* Release */ = {
			isa = XCBuildConfiguration;
			buildSettings = {
				ASSETCATALOG_COMPILER_APPICON_NAME = AppIcon;
				INFOPLIST_FILE = button/Info.plist;
				LD_RUNPATH_SEARCH_PATHS = "$(inherited) @executable_path/Frameworks";
				PRODUCT_BUNDLE_IDENTIFIER = tw.frb.button;
				PRODUCT_NAME = "$(TARGET_NAME)";
			};
			name = Release;
		};
		5BFADA1A1C9AE77400DA365A /* Debug */ = {
			isa = XCBuildConfiguration;
			buildSettings = {
				ASSETCATALOG_COMPILER_APPICON_NAME = AppIcon;
				INFOPLIST_FILE = navigation/Info.plist;
				LD_RUNPATH_SEARCH_PATHS = "$(inherited) @executable_path/Frameworks";
				PRODUCT_BUNDLE_IDENTIFIER = tw.frb.navigation;
				PRODUCT_NAME = "$(TARGET_NAME)";
			};
			name = Debug;
		};
		5BFADA1B1C9AE77400DA365A /* Release */ = {
			isa = XCBuildConfiguration;
			buildSettings = {
				ASSETCATALOG_COMPILER_APPICON_NAME = AppIcon;
				INFOPLIST_FILE = navigation/Info.plist;
				LD_RUNPATH_SEARCH_PATHS = "$(inherited) @executable_path/Frameworks";
				PRODUCT_BUNDLE_IDENTIFIER = tw.frb.navigation;
				PRODUCT_NAME = "$(TARGET_NAME)";
			};
			name = Release;
		};
		5BFADA341C9B944B00DA365A /* Debug */ = {
			isa = XCBuildConfiguration;
			buildSettings = {
				ASSETCATALOG_COMPILER_APPICON_NAME = AppIcon;
				INFOPLIST_FILE = ebook/Info.plist;
				LD_RUNPATH_SEARCH_PATHS = "$(inherited) @executable_path/Frameworks";
				PRODUCT_BUNDLE_IDENTIFIER = tw.frb.ebook;
				PRODUCT_NAME = "$(TARGET_NAME)";
			};
			name = Debug;
		};
		5BFADA351C9B944B00DA365A /* Release */ = {
			isa = XCBuildConfiguration;
			buildSettings = {
				ASSETCATALOG_COMPILER_APPICON_NAME = AppIcon;
				INFOPLIST_FILE = ebook/Info.plist;
				LD_RUNPATH_SEARCH_PATHS = "$(inherited) @executable_path/Frameworks";
				PRODUCT_BUNDLE_IDENTIFIER = tw.frb.ebook;
				PRODUCT_NAME = "$(TARGET_NAME)";
			};
			name = Release;
		};
/* End XCBuildConfiguration section */

/* Begin XCConfigurationList section */
		5B2E61541C9F953600A4E8D6 /* Build configuration list for PBXNativeTarget "alert" */ = {
			isa = XCConfigurationList;
			buildConfigurations = (
				5B2E61521C9F953600A4E8D6 /* Debug */,
				5B2E61531C9F953600A4E8D6 /* Release */,
			);
			defaultConfigurationIsVisible = 0;
			defaultConfigurationName = Release;
		};
		5B8536A41C9FD39F00FACDC0 /* Build configuration list for PBXNativeTarget "alphacamp" */ = {
			isa = XCConfigurationList;
			buildConfigurations = (
				5B8536A51C9FD39F00FACDC0 /* Debug */,
				5B8536A61C9FD39F00FACDC0 /* Release */,
			);
			defaultConfigurationIsVisible = 0;
			defaultConfigurationName = Release;
		};
		5B8537E11CA27FE900FACDC0 /* Build configuration list for PBXNativeTarget "data" */ = {
			isa = XCConfigurationList;
			buildConfigurations = (
				5B8537DF1CA27FE900FACDC0 /* Debug */,
				5B8537E01CA27FE900FACDC0 /* Release */,
			);
			defaultConfigurationIsVisible = 0;
			defaultConfigurationName = Release;
		};
		5BED56D81CA380F3003D73AD /* Build configuration list for PBXNativeTarget "gesture" */ = {
			isa = XCConfigurationList;
			buildConfigurations = (
				5BED56D61CA380F3003D73AD /* Debug */,
				5BED56D71CA380F3003D73AD /* Release */,
			);
			defaultConfigurationIsVisible = 0;
		};
		5BFAD9511C919F4600DA365A /* Build configuration list for PBXProject "alphacamp-swift" */ = {
			isa = XCConfigurationList;
			buildConfigurations = (
				5BFAD9661C919F4600DA365A /* Debug */,
				5BFAD9671C919F4600DA365A /* Release */,
			);
			defaultConfigurationIsVisible = 0;
			defaultConfigurationName = Release;
		};
		5BFAD9681C919F4600DA365A /* Build configuration list for PBXNativeTarget "poems" */ = {
			isa = XCConfigurationList;
			buildConfigurations = (
				5BFAD9691C919F4600DA365A /* Debug */,
				5BFAD96A1C919F4600DA365A /* Release */,
			);
			defaultConfigurationIsVisible = 0;
			defaultConfigurationName = Release;
		};
		5BFAD98A1C929E1400DA365A /* Build configuration list for PBXNativeTarget "students" */ = {
			isa = XCConfigurationList;
			buildConfigurations = (
				5BFAD9881C929E1400DA365A /* Debug */,
				5BFAD9891C929E1400DA365A /* Release */,
			);
			defaultConfigurationIsVisible = 0;
			defaultConfigurationName = Release;
		};
		5BFAD9A41C98F01B00DA365A /* Build configuration list for PBXNativeTarget "autolayout" */ = {
			isa = XCConfigurationList;
			buildConfigurations = (
				5BFAD9A51C98F01B00DA365A /* Debug */,
				5BFAD9A61C98F01B00DA365A /* Release */,
			);
			defaultConfigurationIsVisible = 0;
			defaultConfigurationName = Release;
		};
		5BFADA061C9AE07500DA365A /* Build configuration list for PBXNativeTarget "button" */ = {
			isa = XCConfigurationList;
			buildConfigurations = (
				5BFADA041C9AE07500DA365A /* Debug */,
				5BFADA051C9AE07500DA365A /* Release */,
			);
			defaultConfigurationIsVisible = 0;
			defaultConfigurationName = Release;
		};
		5BFADA1C1C9AE77400DA365A /* Build configuration list for PBXNativeTarget "navigation" */ = {
			isa = XCConfigurationList;
			buildConfigurations = (
				5BFADA1A1C9AE77400DA365A /* Debug */,
				5BFADA1B1C9AE77400DA365A /* Release */,
			);
			defaultConfigurationIsVisible = 0;
			defaultConfigurationName = Release;
		};
		5BFADA361C9B944B00DA365A /* Build configuration list for PBXNativeTarget "ebook" */ = {
			isa = XCConfigurationList;
			buildConfigurations = (
				5BFADA341C9B944B00DA365A /* Debug */,
				5BFADA351C9B944B00DA365A /* Release */,
			);
			defaultConfigurationIsVisible = 0;
			defaultConfigurationName = Release;
		};
/* End XCConfigurationList section */

/* Begin XCVersionGroup section */
		5B8537D61CA27FE900FACDC0 /* data.xcdatamodeld */ = {
			isa = XCVersionGroup;
			children = (
				5B8537D71CA27FE900FACDC0 /* data.xcdatamodel */,
			);
			currentVersion = 5B8537D71CA27FE900FACDC0 /* data.xcdatamodel */;
			path = data.xcdatamodeld;
			sourceTree = "<group>";
			versionGroupType = wrapper.xcdatamodel;
		};
/* End XCVersionGroup section */
	};
	rootObject = 5BFAD94E1C919F4600DA365A /* Project object */;
}
